// !$*UTF8*$!
{
	archiveVersion = 1;
	classes = {
	};
	objectVersion = 56;
	objects = {

/* Begin PBXBuildFile section */
		D3167CC629E619B000D3CC1B /* README.md in Resources */ = {isa = PBXBuildFile; fileRef = D3167CC529E619B000D3CC1B /* README.md */; };
		D3697B0629E610A100EEAC02 /* RemoteStream.framework in Frameworks */ = {isa = PBXBuildFile; fileRef = D3697B0529E610A100EEAC02 /* RemoteStream.framework */; };
		D3697B0729E610A100EEAC02 /* RemoteStream.framework in Embed Frameworks */ = {isa = PBXBuildFile; fileRef = D3697B0529E610A100EEAC02 /* RemoteStream.framework */; settings = {ATTRIBUTES = (CodeSignOnCopy, RemoveHeadersOnCopy, ); }; };
		D3FE376629DFB2420009C6B1 /* RemoteStreamViewerApp.swift in Sources */ = {isa = PBXBuildFile; fileRef = D3FE376529DFB2420009C6B1 /* RemoteStreamViewerApp.swift */; };
		D3FE376829DFB2420009C6B1 /* ContentView.swift in Sources */ = {isa = PBXBuildFile; fileRef = D3FE376729DFB2420009C6B1 /* ContentView.swift */; };
		D3FE376A29DFB2430009C6B1 /* Assets.xcassets in Resources */ = {isa = PBXBuildFile; fileRef = D3FE376929DFB2430009C6B1 /* Assets.xcassets */; };
		D3FE376E29DFB2430009C6B1 /* Preview Assets.xcassets in Resources */ = {isa = PBXBuildFile; fileRef = D3FE376D29DFB2430009C6B1 /* Preview Assets.xcassets */; };
		D3FE378429DFB2430009C6B1 /* RemoteStreamViewerUITestsLaunchTests.swift in Sources */ = {isa = PBXBuildFile; fileRef = D3FE378329DFB2430009C6B1 /* RemoteStreamViewerUITestsLaunchTests.swift */; };
/* End PBXBuildFile section */

/* Begin PBXContainerItemProxy section */
		D3FE377429DFB2430009C6B1 /* PBXContainerItemProxy */ = {
			isa = PBXContainerItemProxy;
			containerPortal = D3FE375A29DFB2420009C6B1 /* Project object */;
			proxyType = 1;
			remoteGlobalIDString = D3FE376129DFB2420009C6B1;
			remoteInfo = RemoteStreamViewer;
		};
		D3FE377E29DFB2430009C6B1 /* PBXContainerItemProxy */ = {
			isa = PBXContainerItemProxy;
			containerPortal = D3FE375A29DFB2420009C6B1 /* Project object */;
			proxyType = 1;
			remoteGlobalIDString = D3FE376129DFB2420009C6B1;
			remoteInfo = RemoteStreamViewer;
		};
/* End PBXContainerItemProxy section */

/* Begin PBXCopyFilesBuildPhase section */
		D3697B0829E610A100EEAC02 /* Embed Frameworks */ = {
			isa = PBXCopyFilesBuildPhase;
			buildActionMask = 2147483647;
			dstPath = "";
			dstSubfolderSpec = 10;
			files = (
				D3697B0729E610A100EEAC02 /* RemoteStream.framework in Embed Frameworks */,
			);
			name = "Embed Frameworks";
			runOnlyForDeploymentPostprocessing = 0;
		};
/* End PBXCopyFilesBuildPhase section */

/* Begin PBXFileReference section */
		D3167CC529E619B000D3CC1B /* README.md */ = {isa = PBXFileReference; fileEncoding = 4; lastKnownFileType = net.daringfireball.markdown; path = README.md; sourceTree = "<group>"; };
		D3697B0529E610A100EEAC02 /* RemoteStream.framework */ = {isa = PBXFileReference; explicitFileType = wrapper.framework; path = RemoteStream.framework; sourceTree = BUILT_PRODUCTS_DIR; };
		D3FE376229DFB2420009C6B1 /* RemoteStreamViewer.app */ = {isa = PBXFileReference; explicitFileType = wrapper.application; includeInIndex = 0; path = RemoteStreamViewer.app; sourceTree = BUILT_PRODUCTS_DIR; };
		D3FE376529DFB2420009C6B1 /* RemoteStreamViewerApp.swift */ = {isa = PBXFileReference; lastKnownFileType = sourcecode.swift; path = RemoteStreamViewerApp.swift; sourceTree = "<group>"; };
		D3FE376729DFB2420009C6B1 /* ContentView.swift */ = {isa = PBXFileReference; lastKnownFileType = sourcecode.swift; path = ContentView.swift; sourceTree = "<group>"; };
		D3FE376929DFB2430009C6B1 /* Assets.xcassets */ = {isa = PBXFileReference; lastKnownFileType = folder.assetcatalog; path = Assets.xcassets; sourceTree = "<group>"; };
		D3FE376B29DFB2430009C6B1 /* RemoteStreamViewer.entitlements */ = {isa = PBXFileReference; lastKnownFileType = text.plist.entitlements; path = RemoteStreamViewer.entitlements; sourceTree = "<group>"; };
		D3FE376D29DFB2430009C6B1 /* Preview Assets.xcassets */ = {isa = PBXFileReference; lastKnownFileType = folder.assetcatalog; path = "Preview Assets.xcassets"; sourceTree = "<group>"; };
		D3FE377329DFB2430009C6B1 /* RemoteStreamViewerTests.xctest */ = {isa = PBXFileReference; explicitFileType = wrapper.cfbundle; includeInIndex = 0; path = RemoteStreamViewerTests.xctest; sourceTree = BUILT_PRODUCTS_DIR; };
		D3FE377D29DFB2430009C6B1 /* RemoteStreamViewerUITests.xctest */ = {isa = PBXFileReference; explicitFileType = wrapper.cfbundle; includeInIndex = 0; path = RemoteStreamViewerUITests.xctest; sourceTree = BUILT_PRODUCTS_DIR; };
		D3FE378329DFB2430009C6B1 /* RemoteStreamViewerUITestsLaunchTests.swift */ = {isa = PBXFileReference; lastKnownFileType = sourcecode.swift; path = RemoteStreamViewerUITestsLaunchTests.swift; sourceTree = "<group>"; };
/* End PBXFileReference section */

/* Begin PBXFrameworksBuildPhase section */
		D3FE375F29DFB2420009C6B1 /* Frameworks */ = {
			isa = PBXFrameworksBuildPhase;
			buildActionMask = 2147483647;
			files = (
				D3697B0629E610A100EEAC02 /* RemoteStream.framework in Frameworks */,
			);
			runOnlyForDeploymentPostprocessing = 0;
		};
		D3FE377029DFB2430009C6B1 /* Frameworks */ = {
			isa = PBXFrameworksBuildPhase;
			buildActionMask = 2147483647;
			files = (
			);
			runOnlyForDeploymentPostprocessing = 0;
		};
		D3FE377A29DFB2430009C6B1 /* Frameworks */ = {
			isa = PBXFrameworksBuildPhase;
			buildActionMask = 2147483647;
			files = (
			);
			runOnlyForDeploymentPostprocessing = 0;
		};
/* End PBXFrameworksBuildPhase section */

/* Begin PBXGroup section */
		D3FE375929DFB2420009C6B1 = {
			isa = PBXGroup;
			children = (
				D3167CC529E619B000D3CC1B /* README.md */,
				D3FE376429DFB2420009C6B1 /* RemoteStreamViewer */,
				D3FE377629DFB2430009C6B1 /* RemoteStreamViewerTests */,
				D3FE378029DFB2430009C6B1 /* RemoteStreamViewerUITests */,
				D3FE376329DFB2420009C6B1 /* Products */,
				D3FE379029DFB3430009C6B1 /* Frameworks */,
			);
			sourceTree = "<group>";
		};
		D3FE376329DFB2420009C6B1 /* Products */ = {
			isa = PBXGroup;
			children = (
				D3FE376229DFB2420009C6B1 /* RemoteStreamViewer.app */,
				D3FE377329DFB2430009C6B1 /* RemoteStreamViewerTests.xctest */,
				D3FE377D29DFB2430009C6B1 /* RemoteStreamViewerUITests.xctest */,
			);
			name = Products;
			sourceTree = "<group>";
		};
		D3FE376429DFB2420009C6B1 /* RemoteStreamViewer */ = {
			isa = PBXGroup;
			children = (
				D3FE376529DFB2420009C6B1 /* RemoteStreamViewerApp.swift */,
				D3FE376729DFB2420009C6B1 /* ContentView.swift */,
				D3FE376929DFB2430009C6B1 /* Assets.xcassets */,
				D3FE376B29DFB2430009C6B1 /* RemoteStreamViewer.entitlements */,
				D3FE376C29DFB2430009C6B1 /* Preview Content */,
			);
			path = RemoteStreamViewer;
			sourceTree = "<group>";
		};
		D3FE376C29DFB2430009C6B1 /* Preview Content */ = {
			isa = PBXGroup;
			children = (
				D3FE376D29DFB2430009C6B1 /* Preview Assets.xcassets */,
			);
			path = "Preview Content";
			sourceTree = "<group>";
		};
		D3FE377629DFB2430009C6B1 /* RemoteStreamViewerTests */ = {
			isa = PBXGroup;
			children = (
			);
			path = RemoteStreamViewerTests;
			sourceTree = "<group>";
		};
		D3FE378029DFB2430009C6B1 /* RemoteStreamViewerUITests */ = {
			isa = PBXGroup;
			children = (
				D3FE378329DFB2430009C6B1 /* RemoteStreamViewerUITestsLaunchTests.swift */,
			);
			path = RemoteStreamViewerUITests;
			sourceTree = "<group>";
		};
		D3FE379029DFB3430009C6B1 /* Frameworks */ = {
			isa = PBXGroup;
			children = (
				D3697B0529E610A100EEAC02 /* RemoteStream.framework */,
			);
			name = Frameworks;
			sourceTree = "<group>";
		};
/* End PBXGroup section */

/* Begin PBXNativeTarget section */
		D3FE376129DFB2420009C6B1 /* RemoteStreamViewer */ = {
			isa = PBXNativeTarget;
			buildConfigurationList = D3FE378729DFB2430009C6B1 /* Build configuration list for PBXNativeTarget "RemoteStreamViewer" */;
			buildPhases = (
				D3FE375E29DFB2420009C6B1 /* Sources */,
				D3FE375F29DFB2420009C6B1 /* Frameworks */,
				D3FE376029DFB2420009C6B1 /* Resources */,
				D3697B0829E610A100EEAC02 /* Embed Frameworks */,
			);
			buildRules = (
			);
			dependencies = (
			);
			name = RemoteStreamViewer;
			productName = RemoteStreamViewer;
			productReference = D3FE376229DFB2420009C6B1 /* RemoteStreamViewer.app */;
			productType = "com.apple.product-type.application";
		};
		D3FE377229DFB2430009C6B1 /* RemoteStreamViewerTests */ = {
			isa = PBXNativeTarget;
			buildConfigurationList = D3FE378A29DFB2430009C6B1 /* Build configuration list for PBXNativeTarget "RemoteStreamViewerTests" */;
			buildPhases = (
				D3FE376F29DFB2430009C6B1 /* Sources */,
				D3FE377029DFB2430009C6B1 /* Frameworks */,
				D3FE377129DFB2430009C6B1 /* Resources */,
			);
			buildRules = (
			);
			dependencies = (
				D3FE377529DFB2430009C6B1 /* PBXTargetDependency */,
			);
			name = RemoteStreamViewerTests;
			productName = RemoteStreamViewerTests;
			productReference = D3FE377329DFB2430009C6B1 /* RemoteStreamViewerTests.xctest */;
			productType = "com.apple.product-type.bundle.unit-test";
		};
		D3FE377C29DFB2430009C6B1 /* RemoteStreamViewerUITests */ = {
			isa = PBXNativeTarget;
			buildConfigurationList = D3FE378D29DFB2430009C6B1 /* Build configuration list for PBXNativeTarget "RemoteStreamViewerUITests" */;
			buildPhases = (
				D3FE377929DFB2430009C6B1 /* Sources */,
				D3FE377A29DFB2430009C6B1 /* Frameworks */,
				D3FE377B29DFB2430009C6B1 /* Resources */,
			);
			buildRules = (
			);
			dependencies = (
				D3FE377F29DFB2430009C6B1 /* PBXTargetDependency */,
			);
			name = RemoteStreamViewerUITests;
			productName = RemoteStreamViewerUITests;
			productReference = D3FE377D29DFB2430009C6B1 /* RemoteStreamViewerUITests.xctest */;
			productType = "com.apple.product-type.bundle.ui-testing";
		};
/* End PBXNativeTarget section */

/* Begin PBXProject section */
		D3FE375A29DFB2420009C6B1 /* Project object */ = {
			isa = PBXProject;
			attributes = {
				BuildIndependentTargetsInParallel = 1;
				LastSwiftUpdateCheck = 1430;
				LastUpgradeCheck = 1430;
				TargetAttributes = {
					D3FE376129DFB2420009C6B1 = {
						CreatedOnToolsVersion = 14.3;
					};
					D3FE377229DFB2430009C6B1 = {
						CreatedOnToolsVersion = 14.3;
						TestTargetID = D3FE376129DFB2420009C6B1;
					};
					D3FE377C29DFB2430009C6B1 = {
						CreatedOnToolsVersion = 14.3;
						TestTargetID = D3FE376129DFB2420009C6B1;
					};
				};
			};
			buildConfigurationList = D3FE375D29DFB2420009C6B1 /* Build configuration list for PBXProject "RemoteStreamViewer" */;
			compatibilityVersion = "Xcode 14.0";
			developmentRegion = en;
			hasScannedForEncodings = 0;
			knownRegions = (
				en,
				Base,
			);
			mainGroup = D3FE375929DFB2420009C6B1;
			productRefGroup = D3FE376329DFB2420009C6B1 /* Products */;
			projectDirPath = "";
			projectRoot = "";
			targets = (
				D3FE376129DFB2420009C6B1 /* RemoteStreamViewer */,
				D3FE377229DFB2430009C6B1 /* RemoteStreamViewerTests */,
				D3FE377C29DFB2430009C6B1 /* RemoteStreamViewerUITests */,
			);
		};
/* End PBXProject section */

/* Begin PBXResourcesBuildPhase section */
		D3FE376029DFB2420009C6B1 /* Resources */ = {
			isa = PBXResourcesBuildPhase;
			buildActionMask = 2147483647;
			files = (
				D3167CC629E619B000D3CC1B /* README.md in Resources */,
				D3FE376E29DFB2430009C6B1 /* Preview Assets.xcassets in Resources */,
				D3FE376A29DFB2430009C6B1 /* Assets.xcassets in Resources */,
			);
			runOnlyForDeploymentPostprocessing = 0;
		};
		D3FE377129DFB2430009C6B1 /* Resources */ = {
			isa = PBXResourcesBuildPhase;
			buildActionMask = 2147483647;
			files = (
			);
			runOnlyForDeploymentPostprocessing = 0;
		};
		D3FE377B29DFB2430009C6B1 /* Resources */ = {
			isa = PBXResourcesBuildPhase;
			buildActionMask = 2147483647;
			files = (
			);
			runOnlyForDeploymentPostprocessing = 0;
		};
/* End PBXResourcesBuildPhase section */

/* Begin PBXSourcesBuildPhase section */
		D3FE375E29DFB2420009C6B1 /* Sources */ = {
			isa = PBXSourcesBuildPhase;
			buildActionMask = 2147483647;
			files = (
				D3FE376829DFB2420009C6B1 /* ContentView.swift in Sources */,
				D3FE376629DFB2420009C6B1 /* RemoteStreamViewerApp.swift in Sources */,
			);
			runOnlyForDeploymentPostprocessing = 0;
		};
		D3FE376F29DFB2430009C6B1 /* Sources */ = {
			isa = PBXSourcesBuildPhase;
			buildActionMask = 2147483647;
			files = (
			);
			runOnlyForDeploymentPostprocessing = 0;
		};
		D3FE377929DFB2430009C6B1 /* Sources */ = {
			isa = PBXSourcesBuildPhase;
			buildActionMask = 2147483647;
			files = (
				D3FE378429DFB2430009C6B1 /* RemoteStreamViewerUITestsLaunchTests.swift in Sources */,
			);
			runOnlyForDeploymentPostprocessing = 0;
		};
/* End PBXSourcesBuildPhase section */

/* Begin PBXTargetDependency section */
		D3FE377529DFB2430009C6B1 /* PBXTargetDependency */ = {
			isa = PBXTargetDependency;
			target = D3FE376129DFB2420009C6B1 /* RemoteStreamViewer */;
			targetProxy = D3FE377429DFB2430009C6B1 /* PBXContainerItemProxy */;
		};
		D3FE377F29DFB2430009C6B1 /* PBXTargetDependency */ = {
			isa = PBXTargetDependency;
			target = D3FE376129DFB2420009C6B1 /* RemoteStreamViewer */;
			targetProxy = D3FE377E29DFB2430009C6B1 /* PBXContainerItemProxy */;
		};
/* End PBXTargetDependency section */

/* Begin XCBuildConfiguration section */
		D3FE378529DFB2430009C6B1 /* Debug */ = {
			isa = XCBuildConfiguration;
			buildSettings = {
				ALWAYS_SEARCH_USER_PATHS = NO;
				CLANG_ANALYZER_NONNULL = YES;
				CLANG_ANALYZER_NUMBER_OBJECT_CONVERSION = YES_AGGRESSIVE;
				CLANG_CXX_LANGUAGE_STANDARD = "gnu++20";
				CLANG_ENABLE_MODULES = YES;
				CLANG_ENABLE_OBJC_ARC = YES;
				CLANG_ENABLE_OBJC_WEAK = YES;
				CLANG_WARN_BLOCK_CAPTURE_AUTORELEASING = YES;
				CLANG_WARN_BOOL_CONVERSION = YES;
				CLANG_WARN_COMMA = YES;
				CLANG_WARN_CONSTANT_CONVERSION = YES;
				CLANG_WARN_DEPRECATED_OBJC_IMPLEMENTATIONS = YES;
				CLANG_WARN_DIRECT_OBJC_ISA_USAGE = YES_ERROR;
				CLANG_WARN_DOCUMENTATION_COMMENTS = YES;
				CLANG_WARN_EMPTY_BODY = YES;
				CLANG_WARN_ENUM_CONVERSION = YES;
				CLANG_WARN_INFINITE_RECURSION = YES;
				CLANG_WARN_INT_CONVERSION = YES;
				CLANG_WARN_NON_LITERAL_NULL_CONVERSION = YES;
				CLANG_WARN_OBJC_IMPLICIT_RETAIN_SELF = YES;
				CLANG_WARN_OBJC_LITERAL_CONVERSION = YES;
				CLANG_WARN_OBJC_ROOT_CLASS = YES_ERROR;
				CLANG_WARN_QUOTED_INCLUDE_IN_FRAMEWORK_HEADER = YES;
				CLANG_WARN_RANGE_LOOP_ANALYSIS = YES;
				CLANG_WARN_STRICT_PROTOTYPES = YES;
				CLANG_WARN_SUSPICIOUS_MOVE = YES;
				CLANG_WARN_UNGUARDED_AVAILABILITY = YES_AGGRESSIVE;
				CLANG_WARN_UNREACHABLE_CODE = YES;
				CLANG_WARN__DUPLICATE_METHOD_MATCH = YES;
				COPY_PHASE_STRIP = NO;
				DEBUG_INFORMATION_FORMAT = dwarf;
				ENABLE_STRICT_OBJC_MSGSEND = YES;
				ENABLE_TESTABILITY = YES;
				GCC_C_LANGUAGE_STANDARD = gnu11;
				GCC_DYNAMIC_NO_PIC = NO;
				GCC_NO_COMMON_BLOCKS = YES;
				GCC_OPTIMIZATION_LEVEL = 0;
				GCC_PREPROCESSOR_DEFINITIONS = (
					"DEBUG=1",
					"$(inherited)",
				);
				GCC_WARN_64_TO_32_BIT_CONVERSION = YES;
				GCC_WARN_ABOUT_RETURN_TYPE = YES_ERROR;
				GCC_WARN_UNDECLARED_SELECTOR = YES;
				GCC_WARN_UNINITIALIZED_AUTOS = YES_AGGRESSIVE;
				GCC_WARN_UNUSED_FUNCTION = YES;
				GCC_WARN_UNUSED_VARIABLE = YES;
				MTL_ENABLE_DEBUG_INFO = INCLUDE_SOURCE;
				MTL_FAST_MATH = YES;
				ONLY_ACTIVE_ARCH = YES;
				SWIFT_ACTIVE_COMPILATION_CONDITIONS = DEBUG;
				SWIFT_OPTIMIZATION_LEVEL = "-Onone";
			};
			name = Debug;
		};
		D3FE378629DFB2430009C6B1 /* Release */ = {
			isa = XCBuildConfiguration;
			buildSettings = {
				ALWAYS_SEARCH_USER_PATHS = NO;
				CLANG_ANALYZER_NONNULL = YES;
				CLANG_ANALYZER_NUMBER_OBJECT_CONVERSION = YES_AGGRESSIVE;
				CLANG_CXX_LANGUAGE_STANDARD = "gnu++20";
				CLANG_ENABLE_MODULES = YES;
				CLANG_ENABLE_OBJC_ARC = YES;
				CLANG_ENABLE_OBJC_WEAK = YES;
				CLANG_WARN_BLOCK_CAPTURE_AUTORELEASING = YES;
				CLANG_WARN_BOOL_CONVERSION = YES;
				CLANG_WARN_COMMA = YES;
				CLANG_WARN_CONSTANT_CONVERSION = YES;
				CLANG_WARN_DEPRECATED_OBJC_IMPLEMENTATIONS = YES;
				CLANG_WARN_DIRECT_OBJC_ISA_USAGE = YES_ERROR;
				CLANG_WARN_DOCUMENTATION_COMMENTS = YES;
				CLANG_WARN_EMPTY_BODY = YES;
				CLANG_WARN_ENUM_CONVERSION = YES;
				CLANG_WARN_INFINITE_RECURSION = YES;
				CLANG_WARN_INT_CONVERSION = YES;
				CLANG_WARN_NON_LITERAL_NULL_CONVERSION = YES;
				CLANG_WARN_OBJC_IMPLICIT_RETAIN_SELF = YES;
				CLANG_WARN_OBJC_LITERAL_CONVERSION = YES;
				CLANG_WARN_OBJC_ROOT_CLASS = YES_ERROR;
				CLANG_WARN_QUOTED_INCLUDE_IN_FRAMEWORK_HEADER = YES;
				CLANG_WARN_RANGE_LOOP_ANALYSIS = YES;
				CLANG_WARN_STRICT_PROTOTYPES = YES;
				CLANG_WARN_SUSPICIOUS_MOVE = YES;
				CLANG_WARN_UNGUARDED_AVAILABILITY = YES_AGGRESSIVE;
				CLANG_WARN_UNREACHABLE_CODE = YES;
				CLANG_WARN__DUPLICATE_METHOD_MATCH = YES;
				COPY_PHASE_STRIP = NO;
				DEBUG_INFORMATION_FORMAT = "dwarf-with-dsym";
				ENABLE_NS_ASSERTIONS = NO;
				ENABLE_STRICT_OBJC_MSGSEND = YES;
				GCC_C_LANGUAGE_STANDARD = gnu11;
				GCC_NO_COMMON_BLOCKS = YES;
				GCC_WARN_64_TO_32_BIT_CONVERSION = YES;
				GCC_WARN_ABOUT_RETURN_TYPE = YES_ERROR;
				GCC_WARN_UNDECLARED_SELECTOR = YES;
				GCC_WARN_UNINITIALIZED_AUTOS = YES_AGGRESSIVE;
				GCC_WARN_UNUSED_FUNCTION = YES;
				GCC_WARN_UNUSED_VARIABLE = YES;
				MTL_ENABLE_DEBUG_INFO = NO;
				MTL_FAST_MATH = YES;
				SWIFT_COMPILATION_MODE = wholemodule;
				SWIFT_OPTIMIZATION_LEVEL = "-O";
			};
			name = Release;
		};
		D3FE378829DFB2430009C6B1 /* Debug */ = {
			isa = XCBuildConfiguration;
			buildSettings = {
				ASSETCATALOG_COMPILER_APPICON_NAME = AppIcon;
				ASSETCATALOG_COMPILER_GLOBAL_ACCENT_COLOR_NAME = AccentColor;
				CODE_SIGN_ENTITLEMENTS = RemoteStreamViewer/RemoteStreamViewer.entitlements;
				CODE_SIGN_STYLE = Automatic;
				CURRENT_PROJECT_VERSION = 1;
				DEVELOPMENT_ASSET_PATHS = "\"RemoteStreamViewer/Preview Content\"";
				DEVELOPMENT_TEAM = 82GKMR9559;
				ENABLE_HARDENED_RUNTIME = YES;
				"ENABLE_HARDENED_RUNTIME[sdk=macosx*]" = NO;
				ENABLE_PREVIEWS = YES;
				GENERATE_INFOPLIST_FILE = YES;
				"INFOPLIST_KEY_UIApplicationSceneManifest_Generation[sdk=iphoneos*]" = YES;
				"INFOPLIST_KEY_UIApplicationSceneManifest_Generation[sdk=iphonesimulator*]" = YES;
				"INFOPLIST_KEY_UIApplicationSupportsIndirectInputEvents[sdk=iphoneos*]" = YES;
				"INFOPLIST_KEY_UIApplicationSupportsIndirectInputEvents[sdk=iphonesimulator*]" = YES;
				"INFOPLIST_KEY_UILaunchScreen_Generation[sdk=iphoneos*]" = YES;
				"INFOPLIST_KEY_UILaunchScreen_Generation[sdk=iphonesimulator*]" = YES;
				"INFOPLIST_KEY_UIStatusBarStyle[sdk=iphoneos*]" = UIStatusBarStyleDefault;
				"INFOPLIST_KEY_UIStatusBarStyle[sdk=iphonesimulator*]" = UIStatusBarStyleDefault;
				INFOPLIST_KEY_UISupportedInterfaceOrientations_iPad = "UIInterfaceOrientationPortrait UIInterfaceOrientationPortraitUpsideDown UIInterfaceOrientationLandscapeLeft UIInterfaceOrientationLandscapeRight";
				INFOPLIST_KEY_UISupportedInterfaceOrientations_iPhone = "UIInterfaceOrientationPortrait UIInterfaceOrientationLandscapeLeft UIInterfaceOrientationLandscapeRight";
				IPHONEOS_DEPLOYMENT_TARGET = 16.4;
				LD_RUNPATH_SEARCH_PATHS = "@executable_path/Frameworks";
				"LD_RUNPATH_SEARCH_PATHS[sdk=macosx*]" = "@executable_path/../Frameworks";
				MACOSX_DEPLOYMENT_TARGET = 13.3;
				MARKETING_VERSION = 1.0;
				PRODUCT_BUNDLE_IDENTIFIER = com.brian.smith.RemoteStreamViewer;
				PRODUCT_NAME = "$(TARGET_NAME)";
				SDKROOT = auto;
				SUPPORTED_PLATFORMS = "iphoneos iphonesimulator macosx";
				SWIFT_EMIT_LOC_STRINGS = YES;
				SWIFT_VERSION = 5.0;
				TARGETED_DEVICE_FAMILY = "1,2";
			};
			name = Debug;
		};
		D3FE378929DFB2430009C6B1 /* Release */ = {
			isa = XCBuildConfiguration;
			buildSettings = {
				ASSETCATALOG_COMPILER_APPICON_NAME = AppIcon;
				ASSETCATALOG_COMPILER_GLOBAL_ACCENT_COLOR_NAME = AccentColor;
				CODE_SIGN_ENTITLEMENTS = RemoteStreamViewer/RemoteStreamViewer.entitlements;
				CODE_SIGN_STYLE = Automatic;
				CURRENT_PROJECT_VERSION = 1;
				DEVELOPMENT_ASSET_PATHS = "\"RemoteStreamViewer/Preview Content\"";
				DEVELOPMENT_TEAM = 82GKMR9559;
				ENABLE_HARDENED_RUNTIME = YES;
				"ENABLE_HARDENED_RUNTIME[sdk=macosx*]" = NO;
				ENABLE_PREVIEWS = YES;
				GENERATE_INFOPLIST_FILE = YES;
				"INFOPLIST_KEY_UIApplicationSceneManifest_Generation[sdk=iphoneos*]" = YES;
				"INFOPLIST_KEY_UIApplicationSceneManifest_Generation[sdk=iphonesimulator*]" = YES;
				"INFOPLIST_KEY_UIApplicationSupportsIndirectInputEvents[sdk=iphoneos*]" = YES;
				"INFOPLIST_KEY_UIApplicationSupportsIndirectInputEvents[sdk=iphonesimulator*]" = YES;
				"INFOPLIST_KEY_UILaunchScreen_Generation[sdk=iphoneos*]" = YES;
				"INFOPLIST_KEY_UILaunchScreen_Generation[sdk=iphonesimulator*]" = YES;
				"INFOPLIST_KEY_UIStatusBarStyle[sdk=iphoneos*]" = UIStatusBarStyleDefault;
				"INFOPLIST_KEY_UIStatusBarStyle[sdk=iphonesimulator*]" = UIStatusBarStyleDefault;
				INFOPLIST_KEY_UISupportedInterfaceOrientations_iPad = "UIInterfaceOrientationPortrait UIInterfaceOrientationPortraitUpsideDown UIInterfaceOrientationLandscapeLeft UIInterfaceOrientationLandscapeRight";
				INFOPLIST_KEY_UISupportedInterfaceOrientations_iPhone = "UIInterfaceOrientationPortrait UIInterfaceOrientationLandscapeLeft UIInterfaceOrientationLandscapeRight";
				IPHONEOS_DEPLOYMENT_TARGET = 16.4;
				LD_RUNPATH_SEARCH_PATHS = "@executable_path/Frameworks";
				"LD_RUNPATH_SEARCH_PATHS[sdk=macosx*]" = "@executable_path/../Frameworks";
				MACOSX_DEPLOYMENT_TARGET = 13.3;
				MARKETING_VERSION = 1.0;
				PRODUCT_BUNDLE_IDENTIFIER = com.brian.smith.RemoteStreamViewer;
				PRODUCT_NAME = "$(TARGET_NAME)";
				SDKROOT = auto;
				SUPPORTED_PLATFORMS = "iphoneos iphonesimulator macosx";
				SWIFT_EMIT_LOC_STRINGS = YES;
				SWIFT_VERSION = 5.0;
				TARGETED_DEVICE_FAMILY = "1,2";
			};
			name = Release;
		};
		D3FE378B29DFB2430009C6B1 /* Debug */ = {
			isa = XCBuildConfiguration;
			buildSettings = {
				ALWAYS_EMBED_SWIFT_STANDARD_LIBRARIES = YES;
				BUNDLE_LOADER = "$(TEST_HOST)";
				CODE_SIGN_STYLE = Automatic;
				CURRENT_PROJECT_VERSION = 1;
				DEVELOPMENT_TEAM = 82GKMR9559;
				GENERATE_INFOPLIST_FILE = YES;
				IPHONEOS_DEPLOYMENT_TARGET = 16.4;
				MACOSX_DEPLOYMENT_TARGET = 13.3;
				MARKETING_VERSION = 1.0;
				PRODUCT_BUNDLE_IDENTIFIER = com.brian.smith.RemoteStreamViewerTests;
				PRODUCT_NAME = "$(TARGET_NAME)";
				SDKROOT = auto;
				SUPPORTED_PLATFORMS = "iphoneos iphonesimulator macosx";
				SWIFT_EMIT_LOC_STRINGS = NO;
				SWIFT_VERSION = 5.0;
				TARGETED_DEVICE_FAMILY = "1,2";
				TEST_HOST = "$(BUILT_PRODUCTS_DIR)/RemoteStreamViewer.app/$(BUNDLE_EXECUTABLE_FOLDER_PATH)/RemoteStreamViewer";
			};
			name = Debug;
		};
		D3FE378C29DFB2430009C6B1 /* Release */ = {
			isa = XCBuildConfiguration;
			buildSettings = {
				ALWAYS_EMBED_SWIFT_STANDARD_LIBRARIES = YES;
				BUNDLE_LOADER = "$(TEST_HOST)";
				CODE_SIGN_STYLE = Automatic;
				CURRENT_PROJECT_VERSION = 1;
				DEVELOPMENT_TEAM = 82GKMR9559;
				GENERATE_INFOPLIST_FILE = YES;
				IPHONEOS_DEPLOYMENT_TARGET = 16.4;
				MACOSX_DEPLOYMENT_TARGET = 13.3;
				MARKETING_VERSION = 1.0;
				PRODUCT_BUNDLE_IDENTIFIER = com.brian.smith.RemoteStreamViewerTests;
				PRODUCT_NAME = "$(TARGET_NAME)";
				SDKROOT = auto;
				SUPPORTED_PLATFORMS = "iphoneos iphonesimulator macosx";
				SWIFT_EMIT_LOC_STRINGS = NO;
				SWIFT_VERSION = 5.0;
				TARGETED_DEVICE_FAMILY = "1,2";
				TEST_HOST = "$(BUILT_PRODUCTS_DIR)/RemoteStreamViewer.app/$(BUNDLE_EXECUTABLE_FOLDER_PATH)/RemoteStreamViewer";
			};
			name = Release;
		};
		D3FE378E29DFB2430009C6B1 /* Debug */ = {
			isa = XCBuildConfiguration;
			buildSettings = {
				ALWAYS_EMBED_SWIFT_STANDARD_LIBRARIES = YES;
				CODE_SIGN_STYLE = Automatic;
				CURRENT_PROJECT_VERSION = 1;
				DEVELOPMENT_TEAM = 82GKMR9559;
				GENERATE_INFOPLIST_FILE = YES;
				IPHONEOS_DEPLOYMENT_TARGET = 16.4;
				MACOSX_DEPLOYMENT_TARGET = 13.3;
				MARKETING_VERSION = 1.0;
				PRODUCT_BUNDLE_IDENTIFIER = com.brian.smith.RemoteStreamViewerUITests;
				PRODUCT_NAME = "$(TARGET_NAME)";
				SDKROOT = auto;
				SUPPORTED_PLATFORMS = "iphoneos iphonesimulator macosx";
				SWIFT_EMIT_LOC_STRINGS = NO;
				SWIFT_VERSION = 5.0;
				TARGETED_DEVICE_FAMILY = "1,2";
				TEST_TARGET_NAME = RemoteStreamViewer;
			};
			name = Debug;
		};
		D3FE378F29DFB2430009C6B1 /* Release */ = {
			isa = XCBuildConfiguration;
			buildSettings = {
				ALWAYS_EMBED_SWIFT_STANDARD_LIBRARIES = YES;
				CODE_SIGN_STYLE = Automatic;
				CURRENT_PROJECT_VERSION = 1;
				DEVELOPMENT_TEAM = 82GKMR9559;
				GENERATE_INFOPLIST_FILE = YES;
				IPHONEOS_DEPLOYMENT_TARGET = 16.4;
				MACOSX_DEPLOYMENT_TARGET = 13.3;
				MARKETING_VERSION = 1.0;
				PRODUCT_BUNDLE_IDENTIFIER = com.brian.smith.RemoteStreamViewerUITests;
				PRODUCT_NAME = "$(TARGET_NAME)";
				SDKROOT = auto;
				SUPPORTED_PLATFORMS = "iphoneos iphonesimulator macosx";
				SWIFT_EMIT_LOC_STRINGS = NO;
				SWIFT_VERSION = 5.0;
				TARGETED_DEVICE_FAMILY = "1,2";
				TEST_TARGET_NAME = RemoteStreamViewer;
			};
			name = Release;
		};
/* End XCBuildConfiguration section */

/* Begin XCConfigurationList section */
		D3FE375D29DFB2420009C6B1 /* Build configuration list for PBXProject "RemoteStreamViewer" */ = {
			isa = XCConfigurationList;
			buildConfigurations = (
				D3FE378529DFB2430009C6B1 /* Debug */,
				D3FE378629DFB2430009C6B1 /* Release */,
			);
			defaultConfigurationIsVisible = 0;
			defaultConfigurationName = Release;
		};
		D3FE378729DFB2430009C6B1 /* Build configuration list for PBXNativeTarget "RemoteStreamViewer" */ = {
			isa = XCConfigurationList;
			buildConfigurations = (
				D3FE378829DFB2430009C6B1 /* Debug */,
				D3FE378929DFB2430009C6B1 /* Release */,
			);
			defaultConfigurationIsVisible = 0;
			defaultConfigurationName = Release;
		};
		D3FE378A29DFB2430009C6B1 /* Build configuration list for PBXNativeTarget "RemoteStreamViewerTests" */ = {
			isa = XCConfigurationList;
			buildConfigurations = (
				D3FE378B29DFB2430009C6B1 /* Debug */,
				D3FE378C29DFB2430009C6B1 /* Release */,
			);
			defaultConfigurationIsVisible = 0;
			defaultConfigurationName = Release;
		};
		D3FE378D29DFB2430009C6B1 /* Build configuration list for PBXNativeTarget "RemoteStreamViewerUITests" */ = {
			isa = XCConfigurationList;
			buildConfigurations = (
				D3FE378E29DFB2430009C6B1 /* Debug */,
				D3FE378F29DFB2430009C6B1 /* Release */,
			);
			defaultConfigurationIsVisible = 0;
			defaultConfigurationName = Release;
		};
/* End XCConfigurationList section */
	};
	rootObject = D3FE375A29DFB2420009C6B1 /* Project object */;
}
